<?xml version="1.0" encoding="utf-8"?>
<Project ToolsVersion="4.0" xmlns="http://schemas.microsoft.com/developer/msbuild/2003">
  <ItemGroup>
    <Filter Include="Source Files">
      <UniqueIdentifier>{4FC737F1-C7A5-4376-A066-2A32D752A2FF}</UniqueIdentifier>
      <Extensions>cpp;c;cc;cxx;def;odl;idl;hpj;bat;asm;asmx</Extensions>
    </Filter>
    <Filter Include="Header Files">
      <UniqueIdentifier>{93995380-89BD-4b04-88EB-625FBE52EBFB}</UniqueIdentifier>
      <Extensions>h;hh;hpp;hxx;hm;inl;inc;ipp;xsd</Extensions>
    </Filter>
    <Filter Include="Resource Files">
      <UniqueIdentifier>{67DA6AB6-F800-4c08-8B7A-83BB121AAD01}</UniqueIdentifier>
      <Extensions>rc;ico;cur;bmp;dlg;rc2;rct;bin;rgs;gif;jpg;jpeg;jpe;resx;tiff;tif;png;wav;mfcribbon-ms</Extensions>
    </Filter>
  </ItemGroup>
  <ItemGroup>
    <ClCompile Include="0659-Split Array into Consecutive Subsequences.cpp">
      <Filter>Resource Files</Filter>
    </ClCompile>
    <ClCompile Include="0697-Degree of an Array.cpp">
      <Filter>Resource Files</Filter>
    </ClCompile>
    <ClCompile Include="0809-Expressive Words.cpp">
      <Filter>Resource Files</Filter>
    </ClCompile>
    <ClCompile Include="0863-All Nodes Distance K in Binary Tree.cpp">
      <Filter>Resource Files</Filter>
    </ClCompile>
    <ClCompile Include="0930-Binary Subarrays With Sum.cpp">
      <Filter>Resource Files</Filter>
    </ClCompile>
    <ClCompile Include="1114-Print in Order.cpp">
      <Filter>Resource Files</Filter>
    </ClCompile>
    <ClCompile Include="1115-Print FooBar Alternately.cpp">
      <Filter>Resource Files</Filter>
    </ClCompile>
    <ClCompile Include="1117-Building H2O.cpp">
      <Filter>Resource Files</Filter>
    </ClCompile>
    <ClCompile Include="1116-Print Zero Even Odd.cpp">
      <Filter>Resource Files</Filter>
    </ClCompile>
    <ClCompile Include="0503-Next Greater Element II.cpp">
      <Filter>Resource Files</Filter>
    </ClCompile>
    <ClCompile Include="0538-Convert BST to Greater Tree.cpp">
      <Filter>Resource Files</Filter>
    </ClCompile>
    <ClCompile Include="0543-Diameter of Binary Tree.cpp">
      <Filter>Resource Files</Filter>
    </ClCompile>
    <ClCompile Include="0560-Subarray Sum Equals K.cpp">
      <Filter>Resource Files</Filter>
    </ClCompile>
    <ClCompile Include="0581-Shortest Unsorted Continuous Subarray.cpp">
      <Filter>Resource Files</Filter>
    </ClCompile>
    <ClCompile Include="0617-Merge Two Binary Trees.cpp">
      <Filter>Resource Files</Filter>
    </ClCompile>
    <ClCompile Include="0621-Task Scheduler.cpp">
      <Filter>Resource Files</Filter>
    </ClCompile>
    <ClCompile Include="0647-Palindromic Subatrings.cpp">
      <Filter>Resource Files</Filter>
    </ClCompile>
    <ClCompile Include="0739-Daily Temperatures.cpp">
      <Filter>Resource Files</Filter>
    </ClCompile>
    <ClCompile Include="0682-Baseball Game.cpp">
      <Filter>Resource Files</Filter>
    </ClCompile>
  </ItemGroup>
</Project>