<?xml version="1.0" encoding="utf-8"?>
<Project ToolsVersion="4.0" xmlns="http://schemas.microsoft.com/developer/msbuild/2003">
  <ItemGroup>
    <Filter Include="源文件">
      <UniqueIdentifier>{4FC737F1-C7A5-4376-A066-2A32D752A2FF}</UniqueIdentifier>
      <Extensions>cpp;c;cc;cxx;def;odl;idl;hpj;bat;asm;asmx</Extensions>
    </Filter>
    <Filter Include="头文件">
      <UniqueIdentifier>{93995380-89BD-4b04-88EB-625FBE52EBFB}</UniqueIdentifier>
      <Extensions>h;hh;hpp;hxx;hm;inl;inc;ipp;xsd</Extensions>
    </Filter>
    <Filter Include="资源文件">
      <UniqueIdentifier>{67DA6AB6-F800-4c08-8B7A-83BB121AAD01}</UniqueIdentifier>
      <Extensions>rc;ico;cur;bmp;dlg;rc2;rct;bin;rgs;gif;jpg;jpeg;jpe;resx;tiff;tif;png;wav;mfcribbon-ms</Extensions>
    </Filter>
  </ItemGroup>
  <ItemGroup>
    <ClCompile Include="0001-Two Sum.cpp">
      <Filter>源文件</Filter>
    </ClCompile>
    <ClCompile Include="0002-Add Two Numbers.cpp">
      <Filter>源文件</Filter>
    </ClCompile>
    <ClCompile Include="0003-Longest Substring Without Repeating Characters.cpp">
      <Filter>源文件</Filter>
    </ClCompile>
    <ClCompile Include="0004-Median of Two Sorted Arrays.cpp">
      <Filter>源文件</Filter>
    </ClCompile>
    <ClCompile Include="0005-Longest Palindromic Substring.cpp">
      <Filter>源文件</Filter>
    </ClCompile>
    <ClCompile Include="0006-ZigZag Conversion.cpp">
      <Filter>源文件</Filter>
    </ClCompile>
    <ClCompile Include="0007-Reverse Integer.cpp">
      <Filter>源文件</Filter>
    </ClCompile>
    <ClCompile Include="0008-String to Integer(atoi).cpp">
      <Filter>源文件</Filter>
    </ClCompile>
    <ClCompile Include="0009-Palindrome Number.cpp">
      <Filter>源文件</Filter>
    </ClCompile>
    <ClCompile Include="0010-Regular Expression Matching.cpp">
      <Filter>源文件</Filter>
    </ClCompile>
    <ClCompile Include="0011-Container With Most Water.cpp">
      <Filter>源文件</Filter>
    </ClCompile>
    <ClCompile Include="0012-Integer to Roman.cpp">
      <Filter>源文件</Filter>
    </ClCompile>
    <ClCompile Include="0013-Roman to Integer.cpp">
      <Filter>源文件</Filter>
    </ClCompile>
    <ClCompile Include="0014-Longest Common Prefix.cpp">
      <Filter>源文件</Filter>
    </ClCompile>
    <ClCompile Include="0015-3Sum.cpp">
      <Filter>源文件</Filter>
    </ClCompile>
    <ClCompile Include="0016-3Sum Closest.cpp">
      <Filter>源文件</Filter>
    </ClCompile>
    <ClCompile Include="0017-Letter Combinations of a Phone Number.cpp">
      <Filter>源文件</Filter>
    </ClCompile>
    <ClCompile Include="0018-4Sum.cpp">
      <Filter>源文件</Filter>
    </ClCompile>
    <ClCompile Include="0019-Remove Nth Node From End of List.cpp">
      <Filter>源文件</Filter>
    </ClCompile>
    <ClCompile Include="0020-Valid Parentheses.cpp">
      <Filter>源文件</Filter>
    </ClCompile>
    <ClCompile Include="0021-Merge Two Sorted Lists.cpp">
      <Filter>源文件</Filter>
    </ClCompile>
    <ClCompile Include="0022-Generate Parentheses.cpp">
      <Filter>源文件</Filter>
    </ClCompile>
    <ClCompile Include="0023-Merge k Sorted Lists.cpp">
      <Filter>源文件</Filter>
    </ClCompile>
    <ClCompile Include="0024-Swap Nodes in Pairs.cpp">
      <Filter>源文件</Filter>
    </ClCompile>
    <ClCompile Include="0025-Reverse Nodes in k-Group.cpp">
      <Filter>源文件</Filter>
    </ClCompile>
    <ClCompile Include="0026-Remove Duplicates from Sorted Array.cpp">
      <Filter>源文件</Filter>
    </ClCompile>
    <ClCompile Include="0027-Remove Element.cpp">
      <Filter>源文件</Filter>
    </ClCompile>
    <ClCompile Include="0028-Implement strStr().cpp">
      <Filter>源文件</Filter>
    </ClCompile>
    <ClCompile Include="0029-Divide Two Integers.cpp">
      <Filter>源文件</Filter>
    </ClCompile>
    <ClCompile Include="0030-Substring with Concatenation of All Words.cpp">
      <Filter>源文件</Filter>
    </ClCompile>
    <ClCompile Include="0031-Next Permutation.cpp">
      <Filter>源文件</Filter>
    </ClCompile>
    <ClCompile Include="0032-Longest Valid Parentheses.cpp">
      <Filter>源文件</Filter>
    </ClCompile>
    <ClCompile Include="0033-Search in Rotated Sorted Array.cpp">
      <Filter>源文件</Filter>
    </ClCompile>
    <ClCompile Include="0034-Find First and Last Position of Element in Sorted Array.cpp">
      <Filter>源文件</Filter>
    </ClCompile>
    <ClCompile Include="0035-Search Insert Position.cpp">
      <Filter>源文件</Filter>
    </ClCompile>
    <ClCompile Include="0036-Valid Sudoku.cpp">
      <Filter>源文件</Filter>
    </ClCompile>
    <ClCompile Include="0037-Sudoku Solver.cpp">
      <Filter>源文件</Filter>
    </ClCompile>
    <ClCompile Include="0038-Count and Say.cpp">
      <Filter>源文件</Filter>
    </ClCompile>
    <ClCompile Include="0039-Combination Sum.cpp">
      <Filter>源文件</Filter>
    </ClCompile>
    <ClCompile Include="0040-Combination Sum II.cpp">
      <Filter>源文件</Filter>
    </ClCompile>
    <ClCompile Include="0041-First Missing Positive.cpp">
      <Filter>源文件</Filter>
    </ClCompile>
    <ClCompile Include="0042-Trapping Rain Water.cpp">
      <Filter>源文件</Filter>
    </ClCompile>
    <ClCompile Include="0043-Multiply Strings.cpp">
      <Filter>源文件</Filter>
    </ClCompile>
    <ClCompile Include="0044-Wildcard Matching.cpp">
      <Filter>源文件</Filter>
    </ClCompile>
    <ClCompile Include="0045-Jump Game II.cpp">
      <Filter>源文件</Filter>
    </ClCompile>
    <ClCompile Include="0221-Maximal Square.cpp">
      <Filter>源文件</Filter>
    </ClCompile>
    <ClCompile Include="0046-Permutations.cpp">
      <Filter>源文件</Filter>
    </ClCompile>
    <ClCompile Include="0047-Permutation II.cpp">
      <Filter>源文件</Filter>
    </ClCompile>
    <ClCompile Include="0048-Rotate Image.cpp">
      <Filter>源文件</Filter>
    </ClCompile>
    <ClCompile Include="0049-Group Anagrams.cpp">
      <Filter>源文件</Filter>
    </ClCompile>
    <ClCompile Include="0050-Pow(x,n).cpp">
      <Filter>源文件</Filter>
    </ClCompile>
    <ClCompile Include="0051-N-Queens.cpp">
      <Filter>源文件</Filter>
    </ClCompile>
    <ClCompile Include="0052-N-Queens II.cpp">
      <Filter>源文件</Filter>
    </ClCompile>
    <ClCompile Include="0053-Maxium Subarray.cpp">
      <Filter>源文件</Filter>
    </ClCompile>
    <ClCompile Include="0054-Spiral Matrix.cpp">
      <Filter>源文件</Filter>
    </ClCompile>
    <ClCompile Include="0055-Jump Game.cpp">
      <Filter>源文件</Filter>
    </ClCompile>
    <ClCompile Include="0056-Merge Intervals.cpp">
      <Filter>源文件</Filter>
    </ClCompile>
    <ClCompile Include="0057-Insert Interval.cpp">
      <Filter>源文件</Filter>
    </ClCompile>
    <ClCompile Include="0058-Length of Last Word.cpp">
      <Filter>源文件</Filter>
    </ClCompile>
    <ClCompile Include="0059-Spiral Matrix II.cpp">
      <Filter>源文件</Filter>
    </ClCompile>
    <ClCompile Include="0060-Permutation Sequence.cpp">
      <Filter>源文件</Filter>
    </ClCompile>
    <ClCompile Include="0061-Rotate List.cpp">
      <Filter>源文件</Filter>
    </ClCompile>
    <ClCompile Include="0062-Unique Paths.cpp">
      <Filter>源文件</Filter>
    </ClCompile>
    <ClCompile Include="0063-Unique Paths II.cpp">
      <Filter>源文件</Filter>
    </ClCompile>
    <ClCompile Include="0064-Minimum Path Sum.cpp">
      <Filter>源文件</Filter>
    </ClCompile>
    <ClCompile Include="0065-Valid Number.cpp">
      <Filter>源文件</Filter>
    </ClCompile>
    <ClCompile Include="0066-Plus One.cpp">
      <Filter>源文件</Filter>
    </ClCompile>
  </ItemGroup>
</Project>